// !$*UTF8*$!
{
	archiveVersion = 1;
	classes = {
	};
	objectVersion = 50;
	objects = {

/* Begin PBXBuildFile section */
		996B13232195E71D00D3814D /* AppDelegate.swift in Sources */ = {isa = PBXBuildFile; fileRef = 996B13222195E71D00D3814D /* AppDelegate.swift */; };
		996B13252195E71D00D3814D /* ViewController.swift in Sources */ = {isa = PBXBuildFile; fileRef = 996B13242195E71D00D3814D /* ViewController.swift */; };
		996B13282195E71D00D3814D /* Main.storyboard in Resources */ = {isa = PBXBuildFile; fileRef = 996B13262195E71D00D3814D /* Main.storyboard */; };
		996B132A2195E71E00D3814D /* Assets.xcassets in Resources */ = {isa = PBXBuildFile; fileRef = 996B13292195E71E00D3814D /* Assets.xcassets */; };
		996B132D2195E71E00D3814D /* LaunchScreen.storyboard in Resources */ = {isa = PBXBuildFile; fileRef = 996B132B2195E71E00D3814D /* LaunchScreen.storyboard */; };
/* End PBXBuildFile section */

/* Begin PBXFileReference section */
		996B131F2195E71D00D3814D /* NewsApp-URLSessionAndCodeable.app */ = {isa = PBXFileReference; explicitFileType = wrapper.application; includeInIndex = 0; path = "NewsApp-URLSessionAndCodeable.app"; sourceTree = BUILT_PRODUCTS_DIR; };
		996B13222195E71D00D3814D /* AppDelegate.swift */ = {isa = PBXFileReference; lastKnownFileType = sourcecode.swift; path = AppDelegate.swift; sourceTree = "<group>"; };
		996B13242195E71D00D3814D /* ViewController.swift */ = {isa = PBXFileReference; lastKnownFileType = sourcecode.swift; path = ViewController.swift; sourceTree = "<group>"; };
		996B13272195E71D00D3814D /* Base */ = {isa = PBXFileReference; lastKnownFileType = file.storyboard; name = Base; path = Base.lproj/Main.storyboard; sourceTree = "<group>"; };
		996B13292195E71E00D3814D /* Assets.xcassets */ = {isa = PBXFileReference; lastKnownFileType = folder.assetcatalog; path = Assets.xcassets; sourceTree = "<group>"; };
		996B132C2195E71E00D3814D /* Base */ = {isa = PBXFileReference; lastKnownFileType = file.storyboard; name = Base; path = Base.lproj/LaunchScreen.storyboard; sourceTree = "<group>"; };
		996B132E2195E71E00D3814D /* Info.plist */ = {isa = PBXFileReference; lastKnownFileType = text.plist.xml; path = Info.plist; sourceTree = "<group>"; };
/* End PBXFileReference section */

/* Begin PBXFrameworksBuildPhase section */
		996B131C2195E71D00D3814D /* Frameworks */ = {
			isa = PBXFrameworksBuildPhase;
			buildActionMask = 2147483647;
			files = (
			);
			runOnlyForDeploymentPostprocessing = 0;
		};
/* End PBXFrameworksBuildPhase section */

/* Begin PBXGroup section */
		996B13162195E71D00D3814D = {
			isa = PBXGroup;
			children = (
				996B13212195E71D00D3814D /* NewsApp-URLSessionAndCodeable */,
				996B13202195E71D00D3814D /* Products */,
			);
			sourceTree = "<group>";
		};
		996B13202195E71D00D3814D /* Products */ = {
			isa = PBXGroup;
			children = (
				996B131F2195E71D00D3814D /* NewsApp-URLSessionAndCodeable.app */,
			);
			name = Products;
			sourceTree = "<group>";
		};
		996B13212195E71D00D3814D /* NewsApp-URLSessionAndCodeable */ = {
			isa = PBXGroup;
			children = (
				996B13222195E71D00D3814D /* AppDelegate.swift */,
				996B13242195E71D00D3814D /* ViewController.swift */,
				996B13262195E71D00D3814D /* Main.storyboard */,
				996B13292195E71E00D3814D /* Assets.xcassets */,
				996B132B2195E71E00D3814D /* LaunchScreen.storyboard */,
				996B132E2195E71E00D3814D /* Info.plist */,
			);
			path = "NewsApp-URLSessionAndCodeable";
			sourceTree = "<group>";
		};
/* End PBXGroup section */

/* Begin PBXNativeTarget section */
		996B131E2195E71D00D3814D /* NewsApp-URLSessionAndCodeable */ = {
			isa = PBXNativeTarget;
			buildConfigurationList = 996B13312195E71E00D3814D /* Build configuration list for PBXNativeTarget "NewsApp-URLSessionAndCodeable" */;
			buildPhases = (
				996B131B2195E71D00D3814D /* Sources */,
				996B131C2195E71D00D3814D /* Frameworks */,
				996B131D2195E71D00D3814D /* Resources */,
			);
			buildRules = (
			);
			dependencies = (
			);
			name = "NewsApp-URLSessionAndCodeable";
			productName = "NewsApp-URLSessionAndCodeable";
			productReference = 996B131F2195E71D00D3814D /* NewsApp-URLSessionAndCodeable.app */;
			productType = "com.apple.product-type.application";
		};
/* End PBXNativeTarget section */

/* Begin PBXProject section */
		996B13172195E71D00D3814D /* Project object */ = {
			isa = PBXProject;
			attributes = {
				LastSwiftUpdateCheck = 1000;
				LastUpgradeCheck = 1000;
				ORGANIZATIONNAME = PADC;
				TargetAttributes = {
					996B131E2195E71D00D3814D = {
						CreatedOnToolsVersion = 10.0;
					};
				};
			};
			buildConfigurationList = 996B131A2195E71D00D3814D /* Build configuration list for PBXProject "NewsApp-URLSessionAndCodeable" */;
			compatibilityVersion = "Xcode 9.3";
			developmentRegion = en;
			hasScannedForEncodings = 0;
			knownRegions = (
				en,
				Base,
			);
			mainGroup = 996B13162195E71D00D3814D;
			productRefGroup = 996B13202195E71D00D3814D /* Products */;
			projectDirPath = "";
			projectRoot = "";
			targets = (
				996B131E2195E71D00D3814D /* NewsApp-URLSessionAndCodeable */,
			);
		};
/* End PBXProject section */

/* Begin PBXResourcesBuildPhase section */
		996B131D2195E71D00D3814D /* Resources */ = {
			isa = PBXResourcesBuildPhase;
			buildActionMask = 2147483647;
			files = (
				996B132D2195E71E00D3814D /* LaunchScreen.storyboard in Resources */,
				996B132A2195E71E00D3814D /* Assets.xcassets in Resources */,
				996B13282195E71D00D3814D /* Main.storyboard in Resources */,
			);
			runOnlyForDeploymentPostprocessing = 0;
		};
/* End PBXResourcesBuildPhase section */

/* Begin PBXSourcesBuildPhase section */
		996B131B2195E71D00D3814D /* Sources */ = {
			isa = PBXSourcesBuildPhase;
			buildActionMask = 2147483647;
			files = (
				996B13252195E71D00D3814D /* ViewController.swift in Sources */,
				996B13232195E71D00D3814D /* AppDelegate.swift in Sources */,
			);
			runOnlyForDeploymentPostprocessing = 0;
		};
/* End PBXSourcesBuildPhase section */

/* Begin PBXVariantGroup section */
		996B13262195E71D00D3814D /* Main.storyboard */ = {
			isa = PBXVariantGroup;
			children = (
				996B13272195E71D00D3814D /* Base */,
			);
			name = Main.storyboard;
			sourceTree = "<group>";
		};
		996B132B2195E71E00D3814D /* LaunchScreen.storyboard */ = {
			isa = PBXVariantGroup;
			children = (
				996B132C2195E71E00D3814D /* Base */,
			);
			name = LaunchScreen.storyboard;
			sourceTree = "<group>";
		};
/* End PBXVariantGroup section */

/* Begin XCBuildConfiguration section */
		996B132F2195E71E00D3814D /* Debug */ = {
			isa = XCBuildConfiguration;
			buildSettings = {
				ALWAYS_SEARCH_USER_PATHS = NO;
				CLANG_ANALYZER_NONNULL = YES;
				CLANG_ANALYZER_NUMBER_OBJECT_CONVERSION = YES_AGGRESSIVE;
				CLANG_CXX_LANGUAGE_STANDARD = "gnu++14";
				CLANG_CXX_LIBRARY = "libc++";
				CLANG_ENABLE_MODULES = YES;
				CLANG_ENABLE_OBJC_ARC = YES;
				CLANG_ENABLE_OBJC_WEAK = YES;
				CLANG_WARN_BLOCK_CAPTURE_AUTORELEASING = YES;
				CLANG_WARN_BOOL_CONVERSION = YES;
				CLANG_WARN_COMMA = YES;
				CLANG_WARN_CONSTANT_CONVERSION = YES;
				CLANG_WARN_DEPRECATED_OBJC_IMPLEMENTATIONS = YES;
				CLANG_WARN_DIRECT_OBJC_ISA_USAGE = YES_ERROR;
				CLANG_WARN_DOCUMENTATION_COMMENTS = YES;
				CLANG_WARN_EMPTY_BODY = YES;
				CLANG_WARN_ENUM_CONVERSION = YES;
				CLANG_WARN_INFINITE_RECURSION = YES;
				CLANG_WARN_INT_CONVERSION = YES;
				CLANG_WARN_NON_LITERAL_NULL_CONVERSION = YES;
				CLANG_WARN_OBJC_IMPLICIT_RETAIN_SELF = YES;
				CLANG_WARN_OBJC_LITERAL_CONVERSION = YES;
				CLANG_WARN_OBJC_ROOT_CLASS = YES_ERROR;
				CLANG_WARN_RANGE_LOOP_ANALYSIS = YES;
				CLANG_WARN_STRICT_PROTOTYPES = YES;
				CLANG_WARN_SUSPICIOUS_MOVE = YES;
				CLANG_WARN_UNGUARDED_AVAILABILITY = YES_AGGRESSIVE;
				CLANG_WARN_UNREACHABLE_CODE = YES;
				CLANG_WARN__DUPLICATE_METHOD_MATCH = YES;
				CODE_SIGN_IDENTITY = "iPhone Developer";
				COPY_PHASE_STRIP = NO;
				DEBUG_INFORMATION_FORMAT = dwarf;
				ENABLE_STRICT_OBJC_MSGSEND = YES;
				ENABLE_TESTABILITY = YES;
				GCC_C_LANGUAGE_STANDARD = gnu11;
				GCC_DYNAMIC_NO_PIC = NO;
				GCC_NO_COMMON_BLOCKS = YES;
				GCC_OPTIMIZATION_LEVEL = 0;
				GCC_PREPROCESSOR_DEFINITIONS = (
					"DEBUG=1",
					"$(inherited)",
				);
				GCC_WARN_64_TO_32_BIT_CONVERSION = YES;
				GCC_WARN_ABOUT_RETURN_TYPE = YES_ERROR;
				GCC_WARN_UNDECLARED_SELECTOR = YES;
				GCC_WARN_UNINITIALIZED_AUTOS = YES_AGGRESSIVE;
				GCC_WARN_UNUSED_FUNCTION = YES;
				GCC_WARN_UNUSED_VARIABLE = YES;
				IPHONEOS_DEPLOYMENT_TARGET = 12.0;
				MTL_ENABLE_DEBUG_INFO = INCLUDE_SOURCE;
				MTL_FAST_MATH = YES;
				ONLY_ACTIVE_ARCH = YES;
				SDKROOT = iphoneos;
				SWIFT_ACTIVE_COMPILATION_CONDITIONS = DEBUG;
				SWIFT_OPTIMIZATION_LEVEL = "-Onone";
			};
			name = Debug;
		};
		996B13302195E71E00D3814D /* Release */ = {
			isa = XCBuildConfiguration;
			buildSettings = {
				ALWAYS_SEARCH_USER_PATHS = NO;
				CLANG_ANALYZER_NONNULL = YES;
				CLANG_ANALYZER_NUMBER_OBJECT_CONVERSION = YES_AGGRESSIVE;
				CLANG_CXX_LANGUAGE_STANDARD = "gnu++14";
				CLANG_CXX_LIBRARY = "libc++";
				CLANG_ENABLE_MODULES = YES;
				CLANG_ENABLE_OBJC_ARC = YES;
				CLANG_ENABLE_OBJC_WEAK = YES;
				CLANG_WARN_BLOCK_CAPTURE_AUTORELEASING = YES;
				CLANG_WARN_BOOL_CONVERSION = YES;
				CLANG_WARN_COMMA = YES;
				CLANG_WARN_CONSTANT_CONVERSION = YES;
				CLANG_WARN_DEPRECATED_OBJC_IMPLEMENTATIONS = YES;
				CLANG_WARN_DIRECT_OBJC_ISA_USAGE = YES_ERROR;
				CLANG_WARN_DOCUMENTATION_COMMENTS = YES;
				CLANG_WARN_EMPTY_BODY = YES;
				CLANG_WARN_ENUM_CONVERSION = YES;
				CLANG_WARN_INFINITE_RECURSION = YES;
				CLANG_WARN_INT_CONVERSION = YES;
				CLANG_WARN_NON_LITERAL_NULL_CONVERSION = YES;
				CLANG_WARN_OBJC_IMPLICIT_RETAIN_SELF = YES;
				CLANG_WARN_OBJC_LITERAL_CONVERSION = YES;
				CLANG_WARN_OBJC_ROOT_CLASS = YES_ERROR;
				CLANG_WARN_RANGE_LOOP_ANALYSIS = YES;
				CLANG_WARN_STRICT_PROTOTYPES = YES;
				CLANG_WARN_SUSPICIOUS_MOVE = YES;
				CLANG_WARN_UNGUARDED_AVAILABILITY = YES_AGGRESSIVE;
				CLANG_WARN_UNREACHABLE_CODE = YES;
				CLANG_WARN__DUPLICATE_METHOD_MATCH = YES;
				CODE_SIGN_IDENTITY = "iPhone Developer";
				COPY_PHASE_STRIP = NO;
				DEBUG_INFORMATION_FORMAT = "dwarf-with-dsym";
				ENABLE_NS_ASSERTIONS = NO;
				ENABLE_STRICT_OBJC_MSGSEND = YES;
				GCC_C_LANGUAGE_STANDARD = gnu11;
				GCC_NO_COMMON_BLOCKS = YES;
				GCC_WARN_64_TO_32_BIT_CONVERSION = YES;
				GCC_WARN_ABOUT_RETURN_TYPE = YES_ERROR;
				GCC_WARN_UNDECLARED_SELECTOR = YES;
				GCC_WARN_UNINITIALIZED_AUTOS = YES_AGGRESSIVE;
				GCC_WARN_UNUSED_FUNCTION = YES;
				GCC_WARN_UNUSED_VARIABLE = YES;
				IPHONEOS_DEPLOYMENT_TARGET = 12.0;
				MTL_ENABLE_DEBUG_INFO = NO;
				MTL_FAST_MATH = YES;
				SDKROOT = iphoneos;
				SWIFT_COMPILATION_MODE = wholemodule;
				SWIFT_OPTIMIZATION_LEVEL = "-O";
				VALIDATE_PRODUCT = YES;
			};
			name = Release;
		};
		996B13322195E71E00D3814D /* Debug */ = {
			isa = XCBuildConfiguration;
			buildSettings = {
				ASSETCATALOG_COMPILER_APPICON_NAME = AppIcon;
				CODE_SIGN_STYLE = Automatic;
				DEVELOPMENT_TEAM = 8B89XGZ5L7;
				INFOPLIST_FILE = "NewsApp-URLSessionAndCodeable/Info.plist";
				LD_RUNPATH_SEARCH_PATHS = (
					"$(inherited)",
					"@executable_path/Frameworks",
				);
				PRODUCT_BUNDLE_IDENTIFIER = "com.padc.NewsApp-URLSessionAndCodeable";
				PRODUCT_NAME = "$(TARGET_NAME)";
				SWIFT_VERSION = 4.2;
				TARGETED_DEVICE_FAMILY = "1,2";
			};
			name = Debug;
		};
		996B13332195E71E00D3814D /* Release */ = {
			isa = XCBuildConfiguration;
			buildSettings = {
				ASSETCATALOG_COMPILER_APPICON_NAME = AppIcon;
				CODE_SIGN_STYLE = Automatic;
				DEVELOPMENT_TEAM = 8B89XGZ5L7;
				INFOPLIST_FILE = "NewsApp-URLSessionAndCodeable/Info.plist";
				LD_RUNPATH_SEARCH_PATHS = (
					"$(inherited)",
					"@executable_path/Frameworks",
				);
				PRODUCT_BUNDLE_IDENTIFIER = "com.padc.NewsApp-URLSessionAndCodeable";
				PRODUCT_NAME = "$(TARGET_NAME)";
				SWIFT_VERSION = 4.2;
				TARGETED_DEVICE_FAMILY = "1,2";
			};
			name = Release;
		};
/* End XCBuildConfiguration section */

/* Begin XCConfigurationList section */
		996B131A2195E71D00D3814D /* Build configuration list for PBXProject "NewsApp-URLSessionAndCodeable" */ = {
			isa = XCConfigurationList;
			buildConfigurations = (
				996B132F2195E71E00D3814D /* Debug */,
				996B13302195E71E00D3814D /* Release */,
			);
			defaultConfigurationIsVisible = 0;
			defaultConfigurationName = Release;
		};
		996B13312195E71E00D3814D /* Build configuration list for PBXNativeTarget "NewsApp-URLSessionAndCodeable" */ = {
			isa = XCConfigurationList;
			buildConfigurations = (
				996B13322195E71E00D3814D /* Debug */,
				996B13332195E71E00D3814D /* Release */,
			);
			defaultConfigurationIsVisible = 0;
			defaultConfigurationName = Release;
		};
/* End XCConfigurationList section */
	};
	rootObject = 996B13172195E71D00D3814D /* Project object */;
}
